lockfileVersion: '9.0'

settings:
  autoInstallPeers: true
  excludeLinksFromLockfile: false

importers:

  .:
    devDependencies:
      typescript:
        specifier: file:vendor/typescript
        version: link:vendor/typescript
      vitest:
        specifier: file:vendor/vitest
        version: link:vendor/vitest
